
Microsoft Visual Studio Solution File, Format Version 12.00
# Visual Studio Version 17
VisualStudioVersion = 17.8.34330.188
MinimumVisualStudioVersion = 10.0.40219.1
Project("{9A19103F-16F7-4668-BE54-9A1E7A4F7556}") = "StudyProgram", "StudyProgram\StudyProgram.csproj", "{B5798E6E-CD94-42D8-B837-BEAE65AA99F0}"
EndProject
Global
	GlobalSection(SolutionConfigurationPlatforms) = preSolution
		Debug|Any CPU = Debug|Any CPU
		Release|Any CPU = Release|Any CPU
	EndGlobalSection
	GlobalSection(ProjectConfigurationPlatforms) = postSolution
		{B5798E6E-CD94-42D8-B837-BEAE65AA99F0}.Debug|Any CPU.ActiveCfg = Debug|Any CPU
		{B5798E6E-CD94-42D8-B837-BEAE65AA99F0}.Debug|Any CPU.Build.0 = Debug|Any CPU
		{B5798E6E-CD94-42D8-B837-BEAE65AA99F0}.Release|Any CPU.ActiveCfg = Release|Any CPU
		{B5798E6E-CD94-42D8-B837-BEAE65AA99F0}.Release|Any CPU.Build.0 = Release|Any CPU
	EndGlobalSection
	GlobalSection(SolutionProperties) = preSolution
		HideSolutionNode = FALSE
	EndGlobalSection
	GlobalSection(ExtensibilityGlobals) = postSolution
		SolutionGuid = {9A4C4140-1EBC-45F1-A169-6415E4BADE61}
	EndGlobalSection
EndGlobal
